
Microsoft Visual Studio Solution File, Format Version 12.00
# Visual Studio Version 17
VisualStudioVersion = 17.2.32526.322
MinimumVisualStudioVersion = 10.0.40219.1
Project("{FAE04EC0-301F-11D3-BF4B-00C04F79EFBC}") = "BBBankAPI", "BBBankAPI\BBBankAPI.csproj", "{46E41EB8-9FCD-4C86-B878-7E7D7F397848}"
EndProject
Project("{FAE04EC0-301F-11D3-BF4B-00C04F79EFBC}") = "Entities", "Entities\Entities.csproj", "{64980821-F4B9-49FD-9979-47EDFDC8BB02}"
EndProject
Project("{FAE04EC0-301F-11D3-BF4B-00C04F79EFBC}") = "Infrastructure", "Infrastructure\Infrastructure.csproj", "{190FEB1C-B447-4458-BE9A-12C8D828F72A}"
EndProject
Project("{FAE04EC0-301F-11D3-BF4B-00C04F79EFBC}") = "Services", "Services\Services.csproj", "{583F7066-ABC9-4915-820D-A9C84098E45A}"
EndProject
Global
	GlobalSection(SolutionConfigurationPlatforms) = preSolution
		Debug|Any CPU = Debug|Any CPU
		Release|Any CPU = Release|Any CPU
	EndGlobalSection
	GlobalSection(ProjectConfigurationPlatforms) = postSolution
		{46E41EB8-9FCD-4C86-B878-7E7D7F397848}.Debug|Any CPU.ActiveCfg = Debug|Any CPU
		{46E41EB8-9FCD-4C86-B878-7E7D7F397848}.Debug|Any CPU.Build.0 = Debug|Any CPU
		{46E41EB8-9FCD-4C86-B878-7E7D7F397848}.Release|Any CPU.ActiveCfg = Release|Any CPU
		{46E41EB8-9FCD-4C86-B878-7E7D7F397848}.Release|Any CPU.Build.0 = Release|Any CPU
		{64980821-F4B9-49FD-9979-47EDFDC8BB02}.Debug|Any CPU.ActiveCfg = Debug|Any CPU
		{64980821-F4B9-49FD-9979-47EDFDC8BB02}.Debug|Any CPU.Build.0 = Debug|Any CPU
		{64980821-F4B9-49FD-9979-47EDFDC8BB02}.Release|Any CPU.ActiveCfg = Release|Any CPU
		{64980821-F4B9-49FD-9979-47EDFDC8BB02}.Release|Any CPU.Build.0 = Release|Any CPU
		{190FEB1C-B447-4458-BE9A-12C8D828F72A}.Debug|Any CPU.ActiveCfg = Debug|Any CPU
		{190FEB1C-B447-4458-BE9A-12C8D828F72A}.Debug|Any CPU.Build.0 = Debug|Any CPU
		{190FEB1C-B447-4458-BE9A-12C8D828F72A}.Release|Any CPU.ActiveCfg = Release|Any CPU
		{190FEB1C-B447-4458-BE9A-12C8D828F72A}.Release|Any CPU.Build.0 = Release|Any CPU
		{583F7066-ABC9-4915-820D-A9C84098E45A}.Debug|Any CPU.ActiveCfg = Debug|Any CPU
		{583F7066-ABC9-4915-820D-A9C84098E45A}.Debug|Any CPU.Build.0 = Debug|Any CPU
		{583F7066-ABC9-4915-820D-A9C84098E45A}.Release|Any CPU.ActiveCfg = Release|Any CPU
		{583F7066-ABC9-4915-820D-A9C84098E45A}.Release|Any CPU.Build.0 = Release|Any CPU
	EndGlobalSection
	GlobalSection(SolutionProperties) = preSolution
		HideSolutionNode = FALSE
	EndGlobalSection
	GlobalSection(ExtensibilityGlobals) = postSolution
		SolutionGuid = {132FEE05-037F-424E-9EA4-272CD99DF416}
	EndGlobalSection
EndGlobal
